
Microsoft Visual Studio Solution File, Format Version 12.00
# Visual Studio Version 17
VisualStudioVersion = 17.10.34928.147
MinimumVisualStudioVersion = 10.0.40219.1
Project("{FAE04EC0-301F-11D3-BF4B-00C04F79EFBC}") = "CareHub", "CareHub\CareHub.csproj", "{47F98714-C508-48C8-B959-D12A481B5092}"
EndProject
Global
	GlobalSection(SolutionConfigurationPlatforms) = preSolution
		Debug|Any CPU = Debug|Any CPU
		Release|Any CPU = Release|Any CPU
	EndGlobalSection
	GlobalSection(ProjectConfigurationPlatforms) = postSolution
		{47F98714-C508-48C8-B959-D12A481B5092}.Debug|Any CPU.ActiveCfg = Debug|Any CPU
		{47F98714-C508-48C8-B959-D12A481B5092}.Debug|Any CPU.Build.0 = Debug|Any CPU
		{47F98714-C508-48C8-B959-D12A481B5092}.Release|Any CPU.ActiveCfg = Release|Any CPU
		{47F98714-C508-48C8-B959-D12A481B5092}.Release|Any CPU.Build.0 = Release|Any CPU
	EndGlobalSection
	GlobalSection(SolutionProperties) = preSolution
		HideSolutionNode = FALSE
	EndGlobalSection
	GlobalSection(ExtensibilityGlobals) = postSolution
		SolutionGuid = {35B22AAE-0A0A-4B65-A3FA-6FB28B74522F}
	EndGlobalSection
EndGlobal
